{
    "_readme": [
        "This file locks the dependencies of your project to a known state",
        "Read more about it at https://getcomposer.org/doc/01-basic-usage.md#installing-dependencies",
        "This file is @generated automatically"
    ],
    "content-hash": "2bfd6d84e00e9e9875a1412431d93e7f",
    "packages": [
        {
            "name": "adyen/php-api-library",
            "version": "10.1.0",
            "source": {
                "type": "git",
                "url": "https://github.com/Adyen/adyen-php-api-library.git",
                "reference": "91917518e17595a91a3cc5887dd95e7d76767276"
            },
            "dist": {
                "type": "zip",
                "url": "https://api.github.com/repos/Adyen/adyen-php-api-library/zipball/91917518e17595a91a3cc5887dd95e7d76767276",
                "reference": "91917518e17595a91a3cc5887dd95e7d76767276",
                "shasum": ""
            },
            "require": {
                "ext-ctype": "*",
                "ext-curl": "*",
                "ext-json": "*",
                "ext-mbstring": "*",
                "ext-openssl": "*",
                "monolog/monolog": ">=1.16",
                "php": ">=5.6"
            },
            "require-dev": {
                "dms/phpunit-arraysubset-asserts": "0.2.1",
                "friendsofphp/php-cs-fixer": "*",
                "php-coveralls/php-coveralls": "2.4.3",
                "phpunit/phpunit": "9.5.4",
                "squizlabs/php_codesniffer": "3.6.0"
            },
            "type": "library",
            "autoload": {
                "psr-4": {
                    "Adyen\\": "src/Adyen/"
                }
            },
            "notification-url": "https://packagist.org/downloads/",
            "license": [
                "Apache-2.0"
            ],
            "description": "A PHP client library for accessing Adyen APIs",
            "homepage": "https://github.com/Adyen/adyen-php-api-library",
            "keywords": [
                "adyen"
            ],
            "support": {
                "issues": "https://github.com/Adyen/adyen-php-api-library/issues",
                "source": "https://github.com/Adyen/adyen-php-api-library/tree/10.1.0"
            },
            "time": "2021-04-30T14:03:59+00:00"
        },
        {
            "name": "monolog/monolog",
            "version": "1.25.3",
            "source": {
                "type": "git",
                "url": "https://github.com/Seldaek/monolog.git",
                "reference": "fa82921994db851a8becaf3787a9e73c5976b6f1"
            },
            "dist": {
                "type": "zip",
                "url": "https://api.github.com/repos/Seldaek/monolog/zipball/fa82921994db851a8becaf3787a9e73c5976b6f1",
                "reference": "fa82921994db851a8becaf3787a9e73c5976b6f1",
                "shasum": ""
            },
            "require": {
                "php": ">=5.3.0",
                "psr/log": "~1.0"
            },
            "provide": {
                "psr/log-implementation": "1.0.0"
            },
            "require-dev": {
                "aws/aws-sdk-php": "^2.4.9 || ^3.0",
                "doctrine/couchdb": "~1.0@dev",
                "graylog2/gelf-php": "~1.0",
                "jakub-onderka/php-parallel-lint": "0.9",
                "php-amqplib/php-amqplib": "~2.4",
                "php-console/php-console": "^3.1.3",
                "phpunit/phpunit": "~4.5",
                "phpunit/phpunit-mock-objects": "2.3.0",
                "ruflin/elastica": ">=0.90 <3.0",
                "sentry/sentry": "^0.13",
                "swiftmailer/swiftmailer": "^5.3|^6.0"
            },
            "suggest": {
                "aws/aws-sdk-php": "Allow sending log messages to AWS services like DynamoDB",
                "doctrine/couchdb": "Allow sending log messages to a CouchDB server",
                "ext-amqp": "Allow sending log messages to an AMQP server (1.0+ required)",
                "ext-mongo": "Allow sending log messages to a MongoDB server",
                "graylog2/gelf-php": "Allow sending log messages to a GrayLog2 server",
                "mongodb/mongodb": "Allow sending log messages to a MongoDB server via PHP Driver",
                "php-amqplib/php-amqplib": "Allow sending log messages to an AMQP server using php-amqplib",
                "php-console/php-console": "Allow sending log messages to Google Chrome",
                "rollbar/rollbar": "Allow sending log messages to Rollbar",
                "ruflin/elastica": "Allow sending log messages to an Elastic Search server",
                "sentry/sentry": "Allow sending log messages to a Sentry server"
            },
            "type": "library",
            "extra": {
                "branch-alias": {
                    "dev-master": "2.0.x-dev"
                }
            },
            "autoload": {
                "psr-4": {
                    "Monolog\\": "src/Monolog"
                }
            },
            "notification-url": "https://packagist.org/downloads/",
            "license": [
                "MIT"
            ],
            "authors": [
                {
                    "name": "Jordi Boggiano",
                    "email": "j.boggiano@seld.be",
                    "homepage": "http://seld.be"
                }
            ],
            "description": "Sends your logs to files, sockets, inboxes, databases and various web services",
            "homepage": "http://github.com/Seldaek/monolog",
            "keywords": [
                "log",
                "logging",
                "psr-3"
            ],
            "support": {
                "issues": "https://github.com/Seldaek/monolog/issues",
                "source": "https://github.com/Seldaek/monolog/tree/1.25.3"
            },
            "time": "2019-12-20T14:15:16+00:00"
        },
        {
            "name": "psr/log",
            "version": "1.1.4",
            "source": {
                "type": "git",
                "url": "https://github.com/php-fig/log.git",
                "reference": "d49695b909c3b7628b6289db5479a1c204601f11"
            },
            "dist": {
                "type": "zip",
                "url": "https://api.github.com/repos/php-fig/log/zipball/d49695b909c3b7628b6289db5479a1c204601f11",
                "reference": "d49695b909c3b7628b6289db5479a1c204601f11",
                "shasum": ""
            },
            "require": {
                "php": ">=5.3.0"
            },
            "type": "library",
            "extra": {
                "branch-alias": {
                    "dev-master": "1.1.x-dev"
                }
            },
            "autoload": {
                "psr-4": {
                    "Psr\\Log\\": "Psr/Log/"
                }
            },
            "notification-url": "https://packagist.org/downloads/",
            "license": [
                "MIT"
            ],
            "authors": [
                {
                    "name": "PHP-FIG",
                    "homepage": "https://www.php-fig.org/"
                }
            ],
            "description": "Common interface for logging libraries",
            "homepage": "https://github.com/php-fig/log",
            "keywords": [
                "log",
                "psr",
                "psr-3"
            ],
            "support": {
                "source": "https://github.com/php-fig/log/tree/1.1.4"
            },
            "time": "2021-05-03T11:20:27+00:00"
        }
    ],
    "packages-dev": [
        {
            "name": "phpro/grumphp-shim",
            "version": "v1.5.0",
            "source": {
                "type": "git",
                "url": "https://github.com/phpro/grumphp-shim.git",
                "reference": "14d62e7ba488671f9ea3e0723eec2bb498c21c46"
            },
            "dist": {
                "type": "zip",
                "url": "https://api.github.com/repos/phpro/grumphp-shim/zipball/14d62e7ba488671f9ea3e0723eec2bb498c21c46",
                "reference": "14d62e7ba488671f9ea3e0723eec2bb498c21c46",
                "shasum": ""
            },
            "require": {
                "composer-plugin-api": "~1.0 || ~2.0",
                "ext-json": "*",
                "php": "^7.3 || ^8.0"
            },
            "replace": {
                "phpro/grumphp": "self.version"
            },
            "require-dev": {
                "humbug/box": "^3.12.2",
                "jetbrains/phpstorm-stubs": "dev-master@dev"
            },
            "bin": [
                "grumphp",
                "grumphp.phar"
            ],
            "type": "composer-plugin",
            "extra": {
                "class": "GrumPHP\\Composer\\GrumPHPPlugin"
            },
            "autoload": {
                "psr-4": {
                    "GrumPHP\\": "src"
                }
            },
            "notification-url": "https://packagist.org/downloads/",
            "license": [
                "MIT"
            ],
            "authors": [
                {
                    "name": "Toon Verwerft",
                    "email": "toon.verwerft@phpro.be"
                },
                {
                    "name": "Community",
                    "homepage": "https://github.com/phpro/grumphp/graphs/contributors"
                }
            ],
            "description": "GrumPHP Phar distribution",
            "support": {
                "issues": "https://github.com/phpro/grumphp-shim/issues",
                "source": "https://github.com/phpro/grumphp-shim/tree/v1.5.0"
            },
            "time": "2021-09-24T10:18:42+00:00"
        }
    ],
    "aliases": [],
    "minimum-stability": "dev",
    "stability-flags": [],
    "prefer-stable": true,
    "prefer-lowest": false,
    "platform": {
        "php": "^7.2|^7.4|^8.0",
        "ext-json": "*",
        "ext-zip": "*"
    },
    "platform-dev": [],
    "plugin-api-version": "2.2.0"
}
